
Microsoft Visual Studio Solution File, Format Version 12.00
# Visual Studio Version 17
VisualStudioVersion = 17.0.32014.148
MinimumVisualStudioVersion = 10.0.40219.1
Project("{9A19103F-16F7-4668-BE54-9A1E7A4F7556}") = "BobcatExamples.WPF", "BobcatExamples.WPF\BobcatExamples.WPF.csproj", "{7EF5241C-2F17-484D-BB4A-740B1208AA62}"
EndProject
Project("{9A19103F-16F7-4668-BE54-9A1E7A4F7556}") = "BobcatExamples.Terminal", "BobcatExamples.Terminal\BobcatExamples.Terminal.csproj", "{2D2C3F80-B557-4A13-8882-6B4266942C9F}"
EndProject
Global
	GlobalSection(SolutionConfigurationPlatforms) = preSolution
		Debug|Any CPU = Debug|Any CPU
		Debug|ARM = Debug|ARM
		Debug|ARM64 = Debug|ARM64
		Debug|x64 = Debug|x64
		Debug|x86 = Debug|x86
		Release|Any CPU = Release|Any CPU
		Release|ARM = Release|ARM
		Release|ARM64 = Release|ARM64
		Release|x64 = Release|x64
		Release|x86 = Release|x86
	EndGlobalSection
	GlobalSection(ProjectConfigurationPlatforms) = postSolution
		{7EF5241C-2F17-484D-BB4A-740B1208AA62}.Debug|Any CPU.ActiveCfg = Debug|Any CPU
		{7EF5241C-2F17-484D-BB4A-740B1208AA62}.Debug|Any CPU.Build.0 = Debug|Any CPU
		{7EF5241C-2F17-484D-BB4A-740B1208AA62}.Debug|ARM.ActiveCfg = Debug|Any CPU
		{7EF5241C-2F17-484D-BB4A-740B1208AA62}.Debug|ARM.Build.0 = Debug|Any CPU
		{7EF5241C-2F17-484D-BB4A-740B1208AA62}.Debug|ARM64.ActiveCfg = Debug|Any CPU
		{7EF5241C-2F17-484D-BB4A-740B1208AA62}.Debug|ARM64.Build.0 = Debug|Any CPU
		{7EF5241C-2F17-484D-BB4A-740B1208AA62}.Debug|x64.ActiveCfg = Debug|Any CPU
		{7EF5241C-2F17-484D-BB4A-740B1208AA62}.Debug|x64.Build.0 = Debug|Any CPU
		{7EF5241C-2F17-484D-BB4A-740B1208AA62}.Debug|x86.ActiveCfg = Debug|Any CPU
		{7EF5241C-2F17-484D-BB4A-740B1208AA62}.Debug|x86.Build.0 = Debug|Any CPU
		{7EF5241C-2F17-484D-BB4A-740B1208AA62}.Release|Any CPU.ActiveCfg = Release|Any CPU
		{7EF5241C-2F17-484D-BB4A-740B1208AA62}.Release|Any CPU.Build.0 = Release|Any CPU
		{7EF5241C-2F17-484D-BB4A-740B1208AA62}.Release|ARM.ActiveCfg = Release|Any CPU
		{7EF5241C-2F17-484D-BB4A-740B1208AA62}.Release|ARM.Build.0 = Release|Any CPU
		{7EF5241C-2F17-484D-BB4A-740B1208AA62}.Release|ARM64.ActiveCfg = Release|Any CPU
		{7EF5241C-2F17-484D-BB4A-740B1208AA62}.Release|ARM64.Build.0 = Release|Any CPU
		{7EF5241C-2F17-484D-BB4A-740B1208AA62}.Release|x64.ActiveCfg = Release|Any CPU
		{7EF5241C-2F17-484D-BB4A-740B1208AA62}.Release|x64.Build.0 = Release|Any CPU
		{7EF5241C-2F17-484D-BB4A-740B1208AA62}.Release|x86.ActiveCfg = Release|Any CPU
		{7EF5241C-2F17-484D-BB4A-740B1208AA62}.Release|x86.Build.0 = Release|Any CPU
		{2D2C3F80-B557-4A13-8882-6B4266942C9F}.Debug|Any CPU.ActiveCfg = Debug|Any CPU
		{2D2C3F80-B557-4A13-8882-6B4266942C9F}.Debug|Any CPU.Build.0 = Debug|Any CPU
		{2D2C3F80-B557-4A13-8882-6B4266942C9F}.Debug|ARM.ActiveCfg = Debug|Any CPU
		{2D2C3F80-B557-4A13-8882-6B4266942C9F}.Debug|ARM.Build.0 = Debug|Any CPU
		{2D2C3F80-B557-4A13-8882-6B4266942C9F}.Debug|ARM64.ActiveCfg = Debug|Any CPU
		{2D2C3F80-B557-4A13-8882-6B4266942C9F}.Debug|ARM64.Build.0 = Debug|Any CPU
		{2D2C3F80-B557-4A13-8882-6B4266942C9F}.Debug|x64.ActiveCfg = Debug|Any CPU
		{2D2C3F80-B557-4A13-8882-6B4266942C9F}.Debug|x64.Build.0 = Debug|Any CPU
		{2D2C3F80-B557-4A13-8882-6B4266942C9F}.Debug|x86.ActiveCfg = Debug|Any CPU
		{2D2C3F80-B557-4A13-8882-6B4266942C9F}.Debug|x86.Build.0 = Debug|Any CPU
		{2D2C3F80-B557-4A13-8882-6B4266942C9F}.Release|Any CPU.ActiveCfg = Release|Any CPU
		{2D2C3F80-B557-4A13-8882-6B4266942C9F}.Release|Any CPU.Build.0 = Release|Any CPU
		{2D2C3F80-B557-4A13-8882-6B4266942C9F}.Release|ARM.ActiveCfg = Release|Any CPU
		{2D2C3F80-B557-4A13-8882-6B4266942C9F}.Release|ARM.Build.0 = Release|Any CPU
		{2D2C3F80-B557-4A13-8882-6B4266942C9F}.Release|ARM64.ActiveCfg = Release|Any CPU
		{2D2C3F80-B557-4A13-8882-6B4266942C9F}.Release|ARM64.Build.0 = Release|Any CPU
		{2D2C3F80-B557-4A13-8882-6B4266942C9F}.Release|x64.ActiveCfg = Release|Any CPU
		{2D2C3F80-B557-4A13-8882-6B4266942C9F}.Release|x64.Build.0 = Release|Any CPU
		{2D2C3F80-B557-4A13-8882-6B4266942C9F}.Release|x86.ActiveCfg = Release|Any CPU
		{2D2C3F80-B557-4A13-8882-6B4266942C9F}.Release|x86.Build.0 = Release|Any CPU
	EndGlobalSection
	GlobalSection(SolutionProperties) = preSolution
		HideSolutionNode = FALSE
	EndGlobalSection
	GlobalSection(ExtensibilityGlobals) = postSolution
		SolutionGuid = {1C6A66A3-86F5-422E-9BA5-D08F05405790}
	EndGlobalSection
EndGlobal
